
Microsoft Visual Studio Solution File, Format Version 12.00
# Visual Studio Version 17
VisualStudioVersion = 17.11.35222.181
MinimumVisualStudioVersion = 10.0.40219.1
Project("{FAE04EC0-301F-11D3-BF4B-00C04F79EFBC}") = "TebegramServer", "TebegramServer\TebegramServer.csproj", "{BB7C4843-4BE6-4A0A-BC2C-69412BFB48F0}"
EndProject
Global
	GlobalSection(SolutionConfigurationPlatforms) = preSolution
		Debug|Any CPU = Debug|Any CPU
		Release|Any CPU = Release|Any CPU
	EndGlobalSection
	GlobalSection(ProjectConfigurationPlatforms) = postSolution
		{BB7C4843-4BE6-4A0A-BC2C-69412BFB48F0}.Debug|Any CPU.ActiveCfg = Debug|Any CPU
		{BB7C4843-4BE6-4A0A-BC2C-69412BFB48F0}.Debug|Any CPU.Build.0 = Debug|Any CPU
		{BB7C4843-4BE6-4A0A-BC2C-69412BFB48F0}.Release|Any CPU.ActiveCfg = Release|Any CPU
		{BB7C4843-4BE6-4A0A-BC2C-69412BFB48F0}.Release|Any CPU.Build.0 = Release|Any CPU
	EndGlobalSection
	GlobalSection(SolutionProperties) = preSolution
		HideSolutionNode = FALSE
	EndGlobalSection
	GlobalSection(ExtensibilityGlobals) = postSolution
		SolutionGuid = {1001B47A-0080-40E2-9C54-6267D06E4DBF}
	EndGlobalSection
EndGlobal
