
Microsoft Visual Studio Solution File, Format Version 12.00
# Visual Studio Version 17
VisualStudioVersion = 17.11.35222.181
MinimumVisualStudioVersion = 10.0.40219.1
Project("{9A19103F-16F7-4668-BE54-9A1E7A4F7556}") = "Tebegrammmm", "Tebegrammmm\Tebegrammmm.csproj", "{12665B33-2E58-4457-AECB-8FB2B752F3C2}"
EndProject
Project("{9A19103F-16F7-4668-BE54-9A1E7A4F7556}") = "TebegramServer", "TebegramServer\TebegramServer\TebegramServer.csproj", "{09EAC846-1528-4174-BB74-5950587A38A6}"
EndProject
Global
	GlobalSection(SolutionConfigurationPlatforms) = preSolution
		Debug|Any CPU = Debug|Any CPU
		Release|Any CPU = Release|Any CPU
	EndGlobalSection
	GlobalSection(ProjectConfigurationPlatforms) = postSolution
		{12665B33-2E58-4457-AECB-8FB2B752F3C2}.Debug|Any CPU.ActiveCfg = Debug|Any CPU
		{12665B33-2E58-4457-AECB-8FB2B752F3C2}.Debug|Any CPU.Build.0 = Debug|Any CPU
		{12665B33-2E58-4457-AECB-8FB2B752F3C2}.Release|Any CPU.ActiveCfg = Release|Any CPU
		{12665B33-2E58-4457-AECB-8FB2B752F3C2}.Release|Any CPU.Build.0 = Release|Any CPU
		{09EAC846-1528-4174-BB74-5950587A38A6}.Debug|Any CPU.ActiveCfg = Debug|Any CPU
		{09EAC846-1528-4174-BB74-5950587A38A6}.Debug|Any CPU.Build.0 = Debug|Any CPU
		{09EAC846-1528-4174-BB74-5950587A38A6}.Release|Any CPU.ActiveCfg = Release|Any CPU
		{09EAC846-1528-4174-BB74-5950587A38A6}.Release|Any CPU.Build.0 = Release|Any CPU
	EndGlobalSection
	GlobalSection(SolutionProperties) = preSolution
		HideSolutionNode = FALSE
	EndGlobalSection
	GlobalSection(ExtensibilityGlobals) = postSolution
		SolutionGuid = {04322680-AD4A-4E1A-A4FE-30EB503BE375}
	EndGlobalSection
EndGlobal
